// !$*UTF8*$!
{
	archiveVersion = 1;
	classes = {
	};
	objectVersion = 46;
	objects = {

/* Begin PBXBuildFile section */
		8ACAE8D11E0230130045FB9D /* main.m in Sources */ = {isa = PBXBuildFile; fileRef = 8ACAE8D01E0230130045FB9D /* main.m */; };
		8ACAE8D41E0230130045FB9D /* AppDelegate.m in Sources */ = {isa = PBXBuildFile; fileRef = 8ACAE8D31E0230130045FB9D /* AppDelegate.m */; };
		8ACAE8D71E0230130045FB9D /* ViewController.m in Sources */ = {isa = PBXBuildFile; fileRef = 8ACAE8D61E0230130045FB9D /* ViewController.m */; };
		8ACAE8DA1E0230130045FB9D /* Main.storyboard in Resources */ = {isa = PBXBuildFile; fileRef = 8ACAE8D81E0230130045FB9D /* Main.storyboard */; };
		8ACAE8DC1E0230130045FB9D /* Assets.xcassets in Resources */ = {isa = PBXBuildFile; fileRef = 8ACAE8DB1E0230130045FB9D /* Assets.xcassets */; };
		8ACAE8DF1E0230130045FB9D /* LaunchScreen.storyboard in Resources */ = {isa = PBXBuildFile; fileRef = 8ACAE8DD1E0230130045FB9D /* LaunchScreen.storyboard */; };
		D8141ABCDDC560B84F5F1C96 /* libPods-AFN第三方框架测试.a in Frameworks */ = {isa = PBXBuildFile; fileRef = 55B44BF2AEE010404C7E6A5D /* libPods-AFN第三方框架测试.a */; };
/* End PBXBuildFile section */

/* Begin PBXFileReference section */
		55B44BF2AEE010404C7E6A5D /* libPods-AFN第三方框架测试.a */ = {isa = PBXFileReference; explicitFileType = archive.ar; includeInIndex = 0; path = "libPods-AFN第三方框架测试.a"; sourceTree = BUILT_PRODUCTS_DIR; };
		6436BC937F6184A8322F2C07 /* Pods-AFN第三方框架测试.debug.xcconfig */ = {isa = PBXFileReference; includeInIndex = 1; lastKnownFileType = text.xcconfig; name = "Pods-AFN第三方框架测试.debug.xcconfig"; path = "Pods/Target Support Files/Pods-AFN第三方框架测试/Pods-AFN第三方框架测试.debug.xcconfig"; sourceTree = "<group>"; };
		8ACAE8CC1E0230130045FB9D /* AFN第三方框架测试.app */ = {isa = PBXFileReference; explicitFileType = wrapper.application; includeInIndex = 0; path = "AFN第三方框架测试.app"; sourceTree = BUILT_PRODUCTS_DIR; };
		8ACAE8D01E0230130045FB9D /* main.m */ = {isa = PBXFileReference; lastKnownFileType = sourcecode.c.objc; path = main.m; sourceTree = "<group>"; };
		8ACAE8D21E0230130045FB9D /* AppDelegate.h */ = {isa = PBXFileReference; lastKnownFileType = sourcecode.c.h; path = AppDelegate.h; sourceTree = "<group>"; };
		8ACAE8D31E0230130045FB9D /* AppDelegate.m */ = {isa = PBXFileReference; lastKnownFileType = sourcecode.c.objc; path = AppDelegate.m; sourceTree = "<group>"; };
		8ACAE8D51E0230130045FB9D /* ViewController.h */ = {isa = PBXFileReference; lastKnownFileType = sourcecode.c.h; path = ViewController.h; sourceTree = "<group>"; };
		8ACAE8D61E0230130045FB9D /* ViewController.m */ = {isa = PBXFileReference; lastKnownFileType = sourcecode.c.objc; path = ViewController.m; sourceTree = "<group>"; };
		8ACAE8D91E0230130045FB9D /* Base */ = {isa = PBXFileReference; lastKnownFileType = file.storyboard; name = Base; path = Base.lproj/Main.storyboard; sourceTree = "<group>"; };
		8ACAE8DB1E0230130045FB9D /* Assets.xcassets */ = {isa = PBXFileReference; lastKnownFileType = folder.assetcatalog; path = Assets.xcassets; sourceTree = "<group>"; };
		8ACAE8DE1E0230130045FB9D /* Base */ = {isa = PBXFileReference; lastKnownFileType = file.storyboard; name = Base; path = Base.lproj/LaunchScreen.storyboard; sourceTree = "<group>"; };
		8ACAE8E01E0230130045FB9D /* Info.plist */ = {isa = PBXFileReference; lastKnownFileType = text.plist.xml; path = Info.plist; sourceTree = "<group>"; };
		E1C4369378ABEEBD159A399F /* Pods-AFN第三方框架测试.release.xcconfig */ = {isa = PBXFileReference; includeInIndex = 1; lastKnownFileType = text.xcconfig; name = "Pods-AFN第三方框架测试.release.xcconfig"; path = "Pods/Target Support Files/Pods-AFN第三方框架测试/Pods-AFN第三方框架测试.release.xcconfig"; sourceTree = "<group>"; };
/* End PBXFileReference section */

/* Begin PBXFrameworksBuildPhase section */
		8ACAE8C91E0230130045FB9D /* Frameworks */ = {
			isa = PBXFrameworksBuildPhase;
			buildActionMask = 2147483647;
			files = (
				D8141ABCDDC560B84F5F1C96 /* libPods-AFN第三方框架测试.a in Frameworks */,
			);
			runOnlyForDeploymentPostprocessing = 0;
		};
/* End PBXFrameworksBuildPhase section */

/* Begin PBXGroup section */
		27B18FEB701296A81EAA5D09 /* Pods */ = {
			isa = PBXGroup;
			children = (
				6436BC937F6184A8322F2C07 /* Pods-AFN第三方框架测试.debug.xcconfig */,
				E1C4369378ABEEBD159A399F /* Pods-AFN第三方框架测试.release.xcconfig */,
			);
			name = Pods;
			sourceTree = "<group>";
		};
		818B9205797D0F0840228419 /* Frameworks */ = {
			isa = PBXGroup;
			children = (
				55B44BF2AEE010404C7E6A5D /* libPods-AFN第三方框架测试.a */,
			);
			name = Frameworks;
			sourceTree = "<group>";
		};
		8ACAE8C31E0230130045FB9D = {
			isa = PBXGroup;
			children = (
				8ACAE8CE1E0230130045FB9D /* AFN第三方框架测试 */,
				8ACAE8CD1E0230130045FB9D /* Products */,
				27B18FEB701296A81EAA5D09 /* Pods */,
				818B9205797D0F0840228419 /* Frameworks */,
			);
			sourceTree = "<group>";
		};
		8ACAE8CD1E0230130045FB9D /* Products */ = {
			isa = PBXGroup;
			children = (
				8ACAE8CC1E0230130045FB9D /* AFN第三方框架测试.app */,
			);
			name = Products;
			sourceTree = "<group>";
		};
		8ACAE8CE1E0230130045FB9D /* AFN第三方框架测试 */ = {
			isa = PBXGroup;
			children = (
				8ACAE8D21E0230130045FB9D /* AppDelegate.h */,
				8ACAE8D31E0230130045FB9D /* AppDelegate.m */,
				8ACAE8D51E0230130045FB9D /* ViewController.h */,
				8ACAE8D61E0230130045FB9D /* ViewController.m */,
				8ACAE8D81E0230130045FB9D /* Main.storyboard */,
				8ACAE8DB1E0230130045FB9D /* Assets.xcassets */,
				8ACAE8DD1E0230130045FB9D /* LaunchScreen.storyboard */,
				8ACAE8E01E0230130045FB9D /* Info.plist */,
				8ACAE8CF1E0230130045FB9D /* Supporting Files */,
			);
			path = "AFN第三方框架测试";
			sourceTree = "<group>";
		};
		8ACAE8CF1E0230130045FB9D /* Supporting Files */ = {
			isa = PBXGroup;
			children = (
				8ACAE8D01E0230130045FB9D /* main.m */,
			);
			name = "Supporting Files";
			sourceTree = "<group>";
		};
/* End PBXGroup section */

/* Begin PBXNativeTarget section */
		8ACAE8CB1E0230130045FB9D /* AFN第三方框架测试 */ = {
			isa = PBXNativeTarget;
			buildConfigurationList = 8ACAE8E31E0230130045FB9D /* Build configuration list for PBXNativeTarget "AFN第三方框架测试" */;
			buildPhases = (
				ABFD9916D0B74EAA2D27EEF1 /* [CP] Check Pods Manifest.lock */,
				8ACAE8C81E0230130045FB9D /* Sources */,
				8ACAE8C91E0230130045FB9D /* Frameworks */,
				8ACAE8CA1E0230130045FB9D /* Resources */,
				2E9EDFC08395D5D075F4C99D /* [CP] Embed Pods Frameworks */,
				A6D5796B3E814564EA39DC08 /* [CP] Copy Pods Resources */,
			);
			buildRules = (
			);
			dependencies = (
			);
			name = "AFN第三方框架测试";
			productName = "AFN第三方框架测试";
			productReference = 8ACAE8CC1E0230130045FB9D /* AFN第三方框架测试.app */;
			productType = "com.apple.product-type.application";
		};
/* End PBXNativeTarget section */

/* Begin PBXProject section */
		8ACAE8C41E0230130045FB9D /* Project object */ = {
			isa = PBXProject;
			attributes = {
				LastUpgradeCheck = 0720;
				ORGANIZATIONNAME = xieyi;
				TargetAttributes = {
					8ACAE8CB1E0230130045FB9D = {
						CreatedOnToolsVersion = 7.2;
						DevelopmentTeam = 559J8UT489;
					};
				};
			};
			buildConfigurationList = 8ACAE8C71E0230130045FB9D /* Build configuration list for PBXProject "AFN第三方框架测试" */;
			compatibilityVersion = "Xcode 3.2";
			developmentRegion = English;
			hasScannedForEncodings = 0;
			knownRegions = (
				en,
				Base,
			);
			mainGroup = 8ACAE8C31E0230130045FB9D;
			productRefGroup = 8ACAE8CD1E0230130045FB9D /* Products */;
			projectDirPath = "";
			projectRoot = "";
			targets = (
				8ACAE8CB1E0230130045FB9D /* AFN第三方框架测试 */,
			);
		};
/* End PBXProject section */

/* Begin PBXResourcesBuildPhase section */
		8ACAE8CA1E0230130045FB9D /* Resources */ = {
			isa = PBXResourcesBuildPhase;
			buildActionMask = 2147483647;
			files = (
				8ACAE8DF1E0230130045FB9D /* LaunchScreen.storyboard in Resources */,
				8ACAE8DC1E0230130045FB9D /* Assets.xcassets in Resources */,
				8ACAE8DA1E0230130045FB9D /* Main.storyboard in Resources */,
			);
			runOnlyForDeploymentPostprocessing = 0;
		};
/* End PBXResourcesBuildPhase section */

/* Begin PBXShellScriptBuildPhase section */
		2E9EDFC08395D5D075F4C99D /* [CP] Embed Pods Frameworks */ = {
			isa = PBXShellScriptBuildPhase;
			buildActionMask = 2147483647;
			files = (
			);
			inputPaths = (
			);
			name = "[CP] Embed Pods Frameworks";
			outputPaths = (
			);
			runOnlyForDeploymentPostprocessing = 0;
			shellPath = /bin/sh;
			shellScript = "\"${SRCROOT}/Pods/Target Support Files/Pods-AFN第三方框架测试/Pods-AFN第三方框架测试-frameworks.sh\"\n";
			showEnvVarsInLog = 0;
		};
		A6D5796B3E814564EA39DC08 /* [CP] Copy Pods Resources */ = {
			isa = PBXShellScriptBuildPhase;
			buildActionMask = 2147483647;
			files = (
			);
			inputPaths = (
			);
			name = "[CP] Copy Pods Resources";
			outputPaths = (
			);
			runOnlyForDeploymentPostprocessing = 0;
			shellPath = /bin/sh;
			shellScript = "\"${SRCROOT}/Pods/Target Support Files/Pods-AFN第三方框架测试/Pods-AFN第三方框架测试-resources.sh\"\n";
			showEnvVarsInLog = 0;
		};
		ABFD9916D0B74EAA2D27EEF1 /* [CP] Check Pods Manifest.lock */ = {
			isa = PBXShellScriptBuildPhase;
			buildActionMask = 2147483647;
			files = (
			);
			inputPaths = (
			);
			name = "[CP] Check Pods Manifest.lock";
			outputPaths = (
			);
			runOnlyForDeploymentPostprocessing = 0;
			shellPath = /bin/sh;
			shellScript = "diff \"${PODS_ROOT}/../Podfile.lock\" \"${PODS_ROOT}/Manifest.lock\" > /dev/null\nif [ $? != 0 ] ; then\n    # print error to STDERR\n    echo \"error: The sandbox is not in sync with the Podfile.lock. Run 'pod install' or update your CocoaPods installation.\" >&2\n    exit 1\nfi\n";
			showEnvVarsInLog = 0;
		};
/* End PBXShellScriptBuildPhase section */

/* Begin PBXSourcesBuildPhase section */
		8ACAE8C81E0230130045FB9D /* Sources */ = {
			isa = PBXSourcesBuildPhase;
			buildActionMask = 2147483647;
			files = (
				8ACAE8D71E0230130045FB9D /* ViewController.m in Sources */,
				8ACAE8D41E0230130045FB9D /* AppDelegate.m in Sources */,
				8ACAE8D11E0230130045FB9D /* main.m in Sources */,
			);
			runOnlyForDeploymentPostprocessing = 0;
		};
/* End PBXSourcesBuildPhase section */

/* Begin PBXVariantGroup section */
		8ACAE8D81E0230130045FB9D /* Main.storyboard */ = {
			isa = PBXVariantGroup;
			children = (
				8ACAE8D91E0230130045FB9D /* Base */,
			);
			name = Main.storyboard;
			sourceTree = "<group>";
		};
		8ACAE8DD1E0230130045FB9D /* LaunchScreen.storyboard */ = {
			isa = PBXVariantGroup;
			children = (
				8ACAE8DE1E0230130045FB9D /* Base */,
			);
			name = LaunchScreen.storyboard;
			sourceTree = "<group>";
		};
/* End PBXVariantGroup section */

/* Begin XCBuildConfiguration section */
		8ACAE8E11E0230130045FB9D /* Debug */ = {
			isa = XCBuildConfiguration;
			buildSettings = {
				ALWAYS_SEARCH_USER_PATHS = NO;
				CLANG_CXX_LANGUAGE_STANDARD = "gnu++0x";
				CLANG_CXX_LIBRARY = "libc++";
				CLANG_ENABLE_MODULES = YES;
				CLANG_ENABLE_OBJC_ARC = YES;
				CLANG_WARN_BOOL_CONVERSION = YES;
				CLANG_WARN_CONSTANT_CONVERSION = YES;
				CLANG_WARN_DIRECT_OBJC_ISA_USAGE = YES_ERROR;
				CLANG_WARN_EMPTY_BODY = YES;
				CLANG_WARN_ENUM_CONVERSION = YES;
				CLANG_WARN_INT_CONVERSION = YES;
				CLANG_WARN_OBJC_ROOT_CLASS = YES_ERROR;
				CLANG_WARN_UNREACHABLE_CODE = YES;
				CLANG_WARN__DUPLICATE_METHOD_MATCH = YES;
				"CODE_SIGN_IDENTITY[sdk=iphoneos*]" = "iPhone Developer";
				COPY_PHASE_STRIP = NO;
				DEBUG_INFORMATION_FORMAT = dwarf;
				ENABLE_STRICT_OBJC_MSGSEND = YES;
				ENABLE_TESTABILITY = YES;
				GCC_C_LANGUAGE_STANDARD = gnu99;
				GCC_DYNAMIC_NO_PIC = NO;
				GCC_NO_COMMON_BLOCKS = YES;
				GCC_OPTIMIZATION_LEVEL = 0;
				GCC_PREPROCESSOR_DEFINITIONS = (
					"DEBUG=1",
					"$(inherited)",
				);
				GCC_WARN_64_TO_32_BIT_CONVERSION = YES;
				GCC_WARN_ABOUT_RETURN_TYPE = YES_ERROR;
				GCC_WARN_UNDECLARED_SELECTOR = YES;
				GCC_WARN_UNINITIALIZED_AUTOS = YES_AGGRESSIVE;
				GCC_WARN_UNUSED_FUNCTION = YES;
				GCC_WARN_UNUSED_VARIABLE = YES;
				IPHONEOS_DEPLOYMENT_TARGET = 9.2;
				MTL_ENABLE_DEBUG_INFO = YES;
				ONLY_ACTIVE_ARCH = YES;
				SDKROOT = iphoneos;
				TARGETED_DEVICE_FAMILY = "1,2";
			};
			name = Debug;
		};
		8ACAE8E21E0230130045FB9D /* Release */ = {
			isa = XCBuildConfiguration;
			buildSettings = {
				ALWAYS_SEARCH_USER_PATHS = NO;
				CLANG_CXX_LANGUAGE_STANDARD = "gnu++0x";
				CLANG_CXX_LIBRARY = "libc++";
				CLANG_ENABLE_MODULES = YES;
				CLANG_ENABLE_OBJC_ARC = YES;
				CLANG_WARN_BOOL_CONVERSION = YES;
				CLANG_WARN_CONSTANT_CONVERSION = YES;
				CLANG_WARN_DIRECT_OBJC_ISA_USAGE = YES_ERROR;
				CLANG_WARN_EMPTY_BODY = YES;
				CLANG_WARN_ENUM_CONVERSION = YES;
				CLANG_WARN_INT_CONVERSION = YES;
				CLANG_WARN_OBJC_ROOT_CLASS = YES_ERROR;
				CLANG_WARN_UNREACHABLE_CODE = YES;
				CLANG_WARN__DUPLICATE_METHOD_MATCH = YES;
				"CODE_SIGN_IDENTITY[sdk=iphoneos*]" = "iPhone Developer";
				COPY_PHASE_STRIP = NO;
				DEBUG_INFORMATION_FORMAT = "dwarf-with-dsym";
				ENABLE_NS_ASSERTIONS = NO;
				ENABLE_STRICT_OBJC_MSGSEND = YES;
				GCC_C_LANGUAGE_STANDARD = gnu99;
				GCC_NO_COMMON_BLOCKS = YES;
				GCC_WARN_64_TO_32_BIT_CONVERSION = YES;
				GCC_WARN_ABOUT_RETURN_TYPE = YES_ERROR;
				GCC_WARN_UNDECLARED_SELECTOR = YES;
				GCC_WARN_UNINITIALIZED_AUTOS = YES_AGGRESSIVE;
				GCC_WARN_UNUSED_FUNCTION = YES;
				GCC_WARN_UNUSED_VARIABLE = YES;
				IPHONEOS_DEPLOYMENT_TARGET = 9.2;
				MTL_ENABLE_DEBUG_INFO = NO;
				SDKROOT = iphoneos;
				TARGETED_DEVICE_FAMILY = "1,2";
				VALIDATE_PRODUCT = YES;
			};
			name = Release;
		};
		8ACAE8E41E0230130045FB9D /* Debug */ = {
			isa = XCBuildConfiguration;
			baseConfigurationReference = 6436BC937F6184A8322F2C07 /* Pods-AFN第三方框架测试.debug.xcconfig */;
			buildSettings = {
				ASSETCATALOG_COMPILER_APPICON_NAME = AppIcon;
				INFOPLIST_FILE = "AFN第三方框架测试/Info.plist";
				LD_RUNPATH_SEARCH_PATHS = "$(inherited) @executable_path/Frameworks";
				PRODUCT_BUNDLE_IDENTIFIER = "xieyi.AFN-------";
				PRODUCT_NAME = "$(TARGET_NAME)";
			};
			name = Debug;
		};
		8ACAE8E51E0230130045FB9D /* Release */ = {
			isa = XCBuildConfiguration;
			baseConfigurationReference = E1C4369378ABEEBD159A399F /* Pods-AFN第三方框架测试.release.xcconfig */;
			buildSettings = {
				ASSETCATALOG_COMPILER_APPICON_NAME = AppIcon;
				INFOPLIST_FILE = "AFN第三方框架测试/Info.plist";
				LD_RUNPATH_SEARCH_PATHS = "$(inherited) @executable_path/Frameworks";
				PRODUCT_BUNDLE_IDENTIFIER = "xieyi.AFN-------";
				PRODUCT_NAME = "$(TARGET_NAME)";
			};
			name = Release;
		};
/* End XCBuildConfiguration section */

/* Begin XCConfigurationList section */
		8ACAE8C71E0230130045FB9D /* Build configuration list for PBXProject "AFN第三方框架测试" */ = {
			isa = XCConfigurationList;
			buildConfigurations = (
				8ACAE8E11E0230130045FB9D /* Debug */,
				8ACAE8E21E0230130045FB9D /* Release */,
			);
			defaultConfigurationIsVisible = 0;
			defaultConfigurationName = Release;
		};
		8ACAE8E31E0230130045FB9D /* Build configuration list for PBXNativeTarget "AFN第三方框架测试" */ = {
			isa = XCConfigurationList;
			buildConfigurations = (
				8ACAE8E41E0230130045FB9D /* Debug */,
				8ACAE8E51E0230130045FB9D /* Release */,
			);
			defaultConfigurationIsVisible = 0;
			defaultConfigurationName = Release;
		};
/* End XCConfigurationList section */
	};
	rootObject = 8ACAE8C41E0230130045FB9D /* Project object */;
}
